
Microsoft Visual Studio Solution File, Format Version 12.00
# Visual Studio 15
Project("{FAE04EC0-301F-11D3-BF4B-00C04F79EFBC}") = "Assembly-CSharp", "Assembly-CSharp.csproj", "{C47A351B-60F1-D2F0-D99E-9F7E7E0BA9D8}"
EndProject
Project("{FAE04EC0-301F-11D3-BF4B-00C04F79EFBC}") = "Assembly-CSharp-Editor", "Assembly-CSharp-Editor.csproj", "{B9F299F9-1AA1-ECCE-22DB-444D498CDABE}"
EndProject
Global
	GlobalSection(SolutionConfigurationPlatforms) = preSolution
		Debug|Any CPU = Debug|Any CPU
		Release|Any CPU = Release|Any CPU
	EndGlobalSection
	GlobalSection(ProjectConfigurationPlatforms) = postSolution
		{C47A351B-60F1-D2F0-D99E-9F7E7E0BA9D8}.Debug|Any CPU.ActiveCfg = Debug|Any CPU
		{C47A351B-60F1-D2F0-D99E-9F7E7E0BA9D8}.Debug|Any CPU.Build.0 = Debug|Any CPU
		{C47A351B-60F1-D2F0-D99E-9F7E7E0BA9D8}.Release|Any CPU.ActiveCfg = Release|Any CPU
		{C47A351B-60F1-D2F0-D99E-9F7E7E0BA9D8}.Release|Any CPU.Build.0 = Release|Any CPU
		{B9F299F9-1AA1-ECCE-22DB-444D498CDABE}.Debug|Any CPU.ActiveCfg = Debug|Any CPU
		{B9F299F9-1AA1-ECCE-22DB-444D498CDABE}.Debug|Any CPU.Build.0 = Debug|Any CPU
		{B9F299F9-1AA1-ECCE-22DB-444D498CDABE}.Release|Any CPU.ActiveCfg = Release|Any CPU
		{B9F299F9-1AA1-ECCE-22DB-444D498CDABE}.Release|Any CPU.Build.0 = Release|Any CPU
	EndGlobalSection
	GlobalSection(SolutionProperties) = preSolution
		HideSolutionNode = FALSE
	EndGlobalSection
EndGlobal
